
Microsoft Visual Studio Solution File, Format Version 12.00
# Visual Studio Version 17
VisualStudioVersion = 17.8.34330.188
MinimumVisualStudioVersion = 10.0.40219.1
Project("{FAE04EC0-301F-11D3-BF4B-00C04F79EFBC}") = "PokemonReviewApp", "PokemonReviewApp.csproj", "{714AB865-EA39-4A9A-B933-696B7131D6C9}"
EndProject
Global
	GlobalSection(SolutionConfigurationPlatforms) = preSolution
		Debug|Any CPU = Debug|Any CPU
		Release|Any CPU = Release|Any CPU
	EndGlobalSection
	GlobalSection(ProjectConfigurationPlatforms) = postSolution
		{714AB865-EA39-4A9A-B933-696B7131D6C9}.Debug|Any CPU.ActiveCfg = Debug|Any CPU
		{714AB865-EA39-4A9A-B933-696B7131D6C9}.Debug|Any CPU.Build.0 = Debug|Any CPU
		{714AB865-EA39-4A9A-B933-696B7131D6C9}.Release|Any CPU.ActiveCfg = Release|Any CPU
		{714AB865-EA39-4A9A-B933-696B7131D6C9}.Release|Any CPU.Build.0 = Release|Any CPU
	EndGlobalSection
	GlobalSection(SolutionProperties) = preSolution
		HideSolutionNode = FALSE
	EndGlobalSection
	GlobalSection(ExtensibilityGlobals) = postSolution
		SolutionGuid = {5CF6CB5D-8CC0-4778-8833-7A1BC4B9918F}
	EndGlobalSection
EndGlobal
